// !$*UTF8*$!
{
	archiveVersion = 1;
	classes = {
	};
	objectVersion = 46;
	objects = {

/* Begin PBXBuildFile section */
		C98D6FFD3A7AACAD82FAB99B /* Pods_MovieViewer.framework in Frameworks */ = {isa = PBXBuildFile; fileRef = A427D5AA4616EA5E7C3F5699 /* Pods_MovieViewer.framework */; };
		FC3A91261C414C9C00E37770 /* MovieCell.swift in Sources */ = {isa = PBXBuildFile; fileRef = FC3A91251C414C9C00E37770 /* MovieCell.swift */; };
		FC3BB2161C406C3F0058188D /* AppDelegate.swift in Sources */ = {isa = PBXBuildFile; fileRef = FC3BB2151C406C3F0058188D /* AppDelegate.swift */; };
		FC3BB21B1C406C400058188D /* Main.storyboard in Resources */ = {isa = PBXBuildFile; fileRef = FC3BB2191C406C400058188D /* Main.storyboard */; };
		FC3BB21D1C406C400058188D /* Assets.xcassets in Resources */ = {isa = PBXBuildFile; fileRef = FC3BB21C1C406C400058188D /* Assets.xcassets */; };
		FC3BB2201C406C400058188D /* LaunchScreen.storyboard in Resources */ = {isa = PBXBuildFile; fileRef = FC3BB21E1C406C400058188D /* LaunchScreen.storyboard */; };
		FC3BB2281C406C510058188D /* MoviesViewController.swift in Sources */ = {isa = PBXBuildFile; fileRef = FC3BB2271C406C510058188D /* MoviesViewController.swift */; };
/* End PBXBuildFile section */

/* Begin PBXFileReference section */
		2A5BD90E3F1253DB09ED0317 /* Pods-MovieViewer.release.xcconfig */ = {isa = PBXFileReference; includeInIndex = 1; lastKnownFileType = text.xcconfig; name = "Pods-MovieViewer.release.xcconfig"; path = "Pods/Target Support Files/Pods-MovieViewer/Pods-MovieViewer.release.xcconfig"; sourceTree = "<group>"; };
		A427D5AA4616EA5E7C3F5699 /* Pods_MovieViewer.framework */ = {isa = PBXFileReference; explicitFileType = wrapper.framework; includeInIndex = 0; path = Pods_MovieViewer.framework; sourceTree = BUILT_PRODUCTS_DIR; };
		D4504408EDED1159674CF56F /* Pods-MovieViewer.debug.xcconfig */ = {isa = PBXFileReference; includeInIndex = 1; lastKnownFileType = text.xcconfig; name = "Pods-MovieViewer.debug.xcconfig"; path = "Pods/Target Support Files/Pods-MovieViewer/Pods-MovieViewer.debug.xcconfig"; sourceTree = "<group>"; };
		FC3A91251C414C9C00E37770 /* MovieCell.swift */ = {isa = PBXFileReference; fileEncoding = 4; lastKnownFileType = sourcecode.swift; path = MovieCell.swift; sourceTree = "<group>"; };
		FC3BB2151C406C3F0058188D /* AppDelegate.swift */ = {isa = PBXFileReference; lastKnownFileType = sourcecode.swift; path = AppDelegate.swift; sourceTree = "<group>"; };
		FC3BB21A1C406C400058188D /* Base */ = {isa = PBXFileReference; lastKnownFileType = file.storyboard; name = Base; path = Base.lproj/Main.storyboard; sourceTree = "<group>"; };
		FC3BB21C1C406C400058188D /* Assets.xcassets */ = {isa = PBXFileReference; lastKnownFileType = folder.assetcatalog; path = Assets.xcassets; sourceTree = "<group>"; };
		FC3BB21F1C406C400058188D /* Base */ = {isa = PBXFileReference; lastKnownFileType = file.storyboard; name = Base; path = Base.lproj/LaunchScreen.storyboard; sourceTree = "<group>"; };
		FC3BB2211C406C400058188D /* Info.plist */ = {isa = PBXFileReference; lastKnownFileType = text.plist.xml; path = Info.plist; sourceTree = "<group>"; };
		FC3BB2271C406C510058188D /* MoviesViewController.swift */ = {isa = PBXFileReference; fileEncoding = 4; lastKnownFileType = sourcecode.swift; path = MoviesViewController.swift; sourceTree = "<group>"; };
		FCFA66B91C421F4500EECEDF /* MovieViewer.app */ = {isa = PBXFileReference; explicitFileType = wrapper.application; includeInIndex = 0; name = MovieViewer.app; path = "/Users/Dhruv/Desktop/CS 490/MovieViewer/build/Debug-iphoneos/MovieViewer.app"; sourceTree = "<absolute>"; };
/* End PBXFileReference section */

/* Begin PBXFrameworksBuildPhase section */
		FC3BB20F1C406C3F0058188D /* Frameworks */ = {
			isa = PBXFrameworksBuildPhase;
			buildActionMask = 2147483647;
			files = (
				C98D6FFD3A7AACAD82FAB99B /* Pods_MovieViewer.framework in Frameworks */,
			);
			runOnlyForDeploymentPostprocessing = 0;
		};
/* End PBXFrameworksBuildPhase section */

/* Begin PBXGroup section */
		195DBE4B3E6312B872377EF8 /* Pods */ = {
			isa = PBXGroup;
			children = (
				D4504408EDED1159674CF56F /* Pods-MovieViewer.debug.xcconfig */,
				2A5BD90E3F1253DB09ED0317 /* Pods-MovieViewer.release.xcconfig */,
			);
			name = Pods;
			sourceTree = "<group>";
		};
		D3352D03E7F8C2E0A7DBD92D /* Frameworks */ = {
			isa = PBXGroup;
			children = (
				A427D5AA4616EA5E7C3F5699 /* Pods_MovieViewer.framework */,
			);
			name = Frameworks;
			sourceTree = "<group>";
		};
		FC3A91241C409B0700E37770 /* Views */ = {
			isa = PBXGroup;
			children = (
				FC3A91251C414C9C00E37770 /* MovieCell.swift */,
			);
			name = Views;
			sourceTree = "<group>";
		};
		FC3A91271C41F5EC00E37770 /* View Controllers */ = {
			isa = PBXGroup;
			children = (
				FC3BB2271C406C510058188D /* MoviesViewController.swift */,
			);
			name = "View Controllers";
			sourceTree = "<group>";
		};
		FC3BB2091C406C3F0058188D = {
			isa = PBXGroup;
			children = (
				FC3BB2141C406C3F0058188D /* MovieViewer */,
				195DBE4B3E6312B872377EF8 /* Pods */,
				D3352D03E7F8C2E0A7DBD92D /* Frameworks */,
			);
			sourceTree = "<group>";
		};
		FC3BB2141C406C3F0058188D /* MovieViewer */ = {
			isa = PBXGroup;
			children = (
				FC3A91271C41F5EC00E37770 /* View Controllers */,
				FC3A91241C409B0700E37770 /* Views */,
				FC3BB2151C406C3F0058188D /* AppDelegate.swift */,
				FC3BB2191C406C400058188D /* Main.storyboard */,
				FC3BB21C1C406C400058188D /* Assets.xcassets */,
				FC3BB21E1C406C400058188D /* LaunchScreen.storyboard */,
				FC3BB2211C406C400058188D /* Info.plist */,
			);
			path = MovieViewer;
			sourceTree = "<group>";
		};
/* End PBXGroup section */

/* Begin PBXNativeTarget section */
		FC3BB2111C406C3F0058188D /* MovieViewer */ = {
			isa = PBXNativeTarget;
			buildConfigurationList = FC3BB2241C406C400058188D /* Build configuration list for PBXNativeTarget "MovieViewer" */;
			buildPhases = (
				B18B7B95D0600038BB16D2A8 /* Check Pods Manifest.lock */,
				FC3BB20E1C406C3F0058188D /* Sources */,
				FC3BB20F1C406C3F0058188D /* Frameworks */,
				FC3BB2101C406C3F0058188D /* Resources */,
				3EDD85987AB114636F61922E /* Embed Pods Frameworks */,
				035545551839143F6419F4FE /* Copy Pods Resources */,
			);
			buildRules = (
			);
			dependencies = (
			);
			name = MovieViewer;
			productName = MovieViewer;
			productReference = FCFA66B91C421F4500EECEDF /* MovieViewer.app */;
			productType = "com.apple.product-type.application";
		};
/* End PBXNativeTarget section */

/* Begin PBXProject section */
		FC3BB20A1C406C3F0058188D /* Project object */ = {
			isa = PBXProject;
			attributes = {
				LastUpgradeCheck = 0710;
				ORGANIZATIONNAME = "Dhruv Upadhyay";
				TargetAttributes = {
					FC3BB2111C406C3F0058188D = {
						CreatedOnToolsVersion = 7.1;
						DevelopmentTeam = 3GKN44XQ72;
					};
				};
			};
			buildConfigurationList = FC3BB20D1C406C3F0058188D /* Build configuration list for PBXProject "MovieViewer" */;
			compatibilityVersion = "Xcode 3.2";
			developmentRegion = English;
			hasScannedForEncodings = 0;
			knownRegions = (
				en,
				Base,
			);
			mainGroup = FC3BB2091C406C3F0058188D;
			productRefGroup = FC3BB2091C406C3F0058188D;
			projectDirPath = "";
			projectRoot = "";
			targets = (
				FC3BB2111C406C3F0058188D /* MovieViewer */,
			);
		};
/* End PBXProject section */

/* Begin PBXResourcesBuildPhase section */
		FC3BB2101C406C3F0058188D /* Resources */ = {
			isa = PBXResourcesBuildPhase;
			buildActionMask = 2147483647;
			files = (
				FC3BB2201C406C400058188D /* LaunchScreen.storyboard in Resources */,
				FC3BB21D1C406C400058188D /* Assets.xcassets in Resources */,
				FC3BB21B1C406C400058188D /* Main.storyboard in Resources */,
			);
			runOnlyForDeploymentPostprocessing = 0;
		};
/* End PBXResourcesBuildPhase section */

/* Begin PBXShellScriptBuildPhase section */
		035545551839143F6419F4FE /* Copy Pods Resources */ = {
			isa = PBXShellScriptBuildPhase;
			buildActionMask = 2147483647;
			files = (
			);
			inputPaths = (
			);
			name = "Copy Pods Resources";
			outputPaths = (
			);
			runOnlyForDeploymentPostprocessing = 0;
			shellPath = /bin/sh;
			shellScript = "\"${SRCROOT}/Pods/Target Support Files/Pods-MovieViewer/Pods-MovieViewer-resources.sh\"\n";
			showEnvVarsInLog = 0;
		};
		3EDD85987AB114636F61922E /* Embed Pods Frameworks */ = {
			isa = PBXShellScriptBuildPhase;
			buildActionMask = 2147483647;
			files = (
			);
			inputPaths = (
			);
			name = "Embed Pods Frameworks";
			outputPaths = (
			);
			runOnlyForDeploymentPostprocessing = 0;
			shellPath = /bin/sh;
			shellScript = "\"${SRCROOT}/Pods/Target Support Files/Pods-MovieViewer/Pods-MovieViewer-frameworks.sh\"\n";
			showEnvVarsInLog = 0;
		};
		B18B7B95D0600038BB16D2A8 /* Check Pods Manifest.lock */ = {
			isa = PBXShellScriptBuildPhase;
			buildActionMask = 2147483647;
			files = (
			);
			inputPaths = (
			);
			name = "Check Pods Manifest.lock";
			outputPaths = (
			);
			runOnlyForDeploymentPostprocessing = 0;
			shellPath = /bin/sh;
			shellScript = "diff \"${PODS_ROOT}/../Podfile.lock\" \"${PODS_ROOT}/Manifest.lock\" > /dev/null\nif [[ $? != 0 ]] ; then\n    cat << EOM\nerror: The sandbox is not in sync with the Podfile.lock. Run 'pod install' or update your CocoaPods installation.\nEOM\n    exit 1\nfi\n";
			showEnvVarsInLog = 0;
		};
/* End PBXShellScriptBuildPhase section */

/* Begin PBXSourcesBuildPhase section */
		FC3BB20E1C406C3F0058188D /* Sources */ = {
			isa = PBXSourcesBuildPhase;
			buildActionMask = 2147483647;
			files = (
				FC3BB2161C406C3F0058188D /* AppDelegate.swift in Sources */,
				FC3BB2281C406C510058188D /* MoviesViewController.swift in Sources */,
				FC3A91261C414C9C00E37770 /* MovieCell.swift in Sources */,
			);
			runOnlyForDeploymentPostprocessing = 0;
		};
/* End PBXSourcesBuildPhase section */

/* Begin PBXVariantGroup section */
		FC3BB2191C406C400058188D /* Main.storyboard */ = {
			isa = PBXVariantGroup;
			children = (
				FC3BB21A1C406C400058188D /* Base */,
			);
			name = Main.storyboard;
			sourceTree = "<group>";
		};
		FC3BB21E1C406C400058188D /* LaunchScreen.storyboard */ = {
			isa = PBXVariantGroup;
			children = (
				FC3BB21F1C406C400058188D /* Base */,
			);
			name = LaunchScreen.storyboard;
			sourceTree = "<group>";
		};
/* End PBXVariantGroup section */

/* Begin XCBuildConfiguration section */
		FC3BB2221C406C400058188D /* Debug */ = {
			isa = XCBuildConfiguration;
			buildSettings = {
				ALWAYS_SEARCH_USER_PATHS = NO;
				CLANG_CXX_LANGUAGE_STANDARD = "gnu++0x";
				CLANG_CXX_LIBRARY = "libc++";
				CLANG_ENABLE_MODULES = YES;
				CLANG_ENABLE_OBJC_ARC = YES;
				CLANG_WARN_BOOL_CONVERSION = YES;
				CLANG_WARN_CONSTANT_CONVERSION = YES;
				CLANG_WARN_DIRECT_OBJC_ISA_USAGE = YES_ERROR;
				CLANG_WARN_EMPTY_BODY = YES;
				CLANG_WARN_ENUM_CONVERSION = YES;
				CLANG_WARN_INT_CONVERSION = YES;
				CLANG_WARN_OBJC_ROOT_CLASS = YES_ERROR;
				CLANG_WARN_UNREACHABLE_CODE = YES;
				CLANG_WARN__DUPLICATE_METHOD_MATCH = YES;
				"CODE_SIGN_IDENTITY[sdk=iphoneos*]" = "iPhone Developer";
				COPY_PHASE_STRIP = NO;
				DEBUG_INFORMATION_FORMAT = dwarf;
				ENABLE_STRICT_OBJC_MSGSEND = YES;
				ENABLE_TESTABILITY = YES;
				GCC_C_LANGUAGE_STANDARD = gnu99;
				GCC_DYNAMIC_NO_PIC = NO;
				GCC_NO_COMMON_BLOCKS = YES;
				GCC_OPTIMIZATION_LEVEL = 0;
				GCC_PREPROCESSOR_DEFINITIONS = (
					"DEBUG=1",
					"$(inherited)",
				);
				GCC_WARN_64_TO_32_BIT_CONVERSION = YES;
				GCC_WARN_ABOUT_RETURN_TYPE = YES_ERROR;
				GCC_WARN_UNDECLARED_SELECTOR = YES;
				GCC_WARN_UNINITIALIZED_AUTOS = YES_AGGRESSIVE;
				GCC_WARN_UNUSED_FUNCTION = YES;
				GCC_WARN_UNUSED_VARIABLE = YES;
				IPHONEOS_DEPLOYMENT_TARGET = 9.1;
				MTL_ENABLE_DEBUG_INFO = YES;
				ONLY_ACTIVE_ARCH = YES;
				SDKROOT = iphoneos;
				SWIFT_OPTIMIZATION_LEVEL = "-Onone";
				TARGETED_DEVICE_FAMILY = "1,2";
			};
			name = Debug;
		};
		FC3BB2231C406C400058188D /* Release */ = {
			isa = XCBuildConfiguration;
			buildSettings = {
				ALWAYS_SEARCH_USER_PATHS = NO;
				CLANG_CXX_LANGUAGE_STANDARD = "gnu++0x";
				CLANG_CXX_LIBRARY = "libc++";
				CLANG_ENABLE_MODULES = YES;
				CLANG_ENABLE_OBJC_ARC = YES;
				CLANG_WARN_BOOL_CONVERSION = YES;
				CLANG_WARN_CONSTANT_CONVERSION = YES;
				CLANG_WARN_DIRECT_OBJC_ISA_USAGE = YES_ERROR;
				CLANG_WARN_EMPTY_BODY = YES;
				CLANG_WARN_ENUM_CONVERSION = YES;
				CLANG_WARN_INT_CONVERSION = YES;
				CLANG_WARN_OBJC_ROOT_CLASS = YES_ERROR;
				CLANG_WARN_UNREACHABLE_CODE = YES;
				CLANG_WARN__DUPLICATE_METHOD_MATCH = YES;
				"CODE_SIGN_IDENTITY[sdk=iphoneos*]" = "iPhone Developer";
				COPY_PHASE_STRIP = NO;
				DEBUG_INFORMATION_FORMAT = "dwarf-with-dsym";
				ENABLE_NS_ASSERTIONS = NO;
				ENABLE_STRICT_OBJC_MSGSEND = YES;
				GCC_C_LANGUAGE_STANDARD = gnu99;
				GCC_NO_COMMON_BLOCKS = YES;
				GCC_WARN_64_TO_32_BIT_CONVERSION = YES;
				GCC_WARN_ABOUT_RETURN_TYPE = YES_ERROR;
				GCC_WARN_UNDECLARED_SELECTOR = YES;
				GCC_WARN_UNINITIALIZED_AUTOS = YES_AGGRESSIVE;
				GCC_WARN_UNUSED_FUNCTION = YES;
				GCC_WARN_UNUSED_VARIABLE = YES;
				IPHONEOS_DEPLOYMENT_TARGET = 9.1;
				MTL_ENABLE_DEBUG_INFO = NO;
				SDKROOT = iphoneos;
				TARGETED_DEVICE_FAMILY = "1,2";
				VALIDATE_PRODUCT = YES;
			};
			name = Release;
		};
		FC3BB2251C406C400058188D /* Debug */ = {
			isa = XCBuildConfiguration;
			baseConfigurationReference = D4504408EDED1159674CF56F /* Pods-MovieViewer.debug.xcconfig */;
			buildSettings = {
				ASSETCATALOG_COMPILER_APPICON_NAME = AppIcon;
				INFOPLIST_FILE = MovieViewer/Info.plist;
				LD_RUNPATH_SEARCH_PATHS = "$(inherited) @executable_path/Frameworks";
				PRODUCT_BUNDLE_IDENTIFIER = Dhruv.MovieViewer;
				PRODUCT_NAME = "$(TARGET_NAME)";
			};
			name = Debug;
		};
		FC3BB2261C406C400058188D /* Release */ = {
			isa = XCBuildConfiguration;
			baseConfigurationReference = 2A5BD90E3F1253DB09ED0317 /* Pods-MovieViewer.release.xcconfig */;
			buildSettings = {
				ASSETCATALOG_COMPILER_APPICON_NAME = AppIcon;
				INFOPLIST_FILE = MovieViewer/Info.plist;
				LD_RUNPATH_SEARCH_PATHS = "$(inherited) @executable_path/Frameworks";
				PRODUCT_BUNDLE_IDENTIFIER = Dhruv.MovieViewer;
				PRODUCT_NAME = "$(TARGET_NAME)";
			};
			name = Release;
		};
/* End XCBuildConfiguration section */

/* Begin XCConfigurationList section */
		FC3BB20D1C406C3F0058188D /* Build configuration list for PBXProject "MovieViewer" */ = {
			isa = XCConfigurationList;
			buildConfigurations = (
				FC3BB2221C406C400058188D /* Debug */,
				FC3BB2231C406C400058188D /* Release */,
			);
			defaultConfigurationIsVisible = 0;
			defaultConfigurationName = Release;
		};
		FC3BB2241C406C400058188D /* Build configuration list for PBXNativeTarget "MovieViewer" */ = {
			isa = XCConfigurationList;
			buildConfigurations = (
				FC3BB2251C406C400058188D /* Debug */,
				FC3BB2261C406C400058188D /* Release */,
			);
			defaultConfigurationIsVisible = 0;
			defaultConfigurationName = Release;
		};
/* End XCConfigurationList section */
	};
	rootObject = FC3BB20A1C406C3F0058188D /* Project object */;
}
